
Microsoft Visual Studio Solution File, Format Version 12.00
# Visual Studio Version 16
VisualStudioVersion = 16.0.29709.97
MinimumVisualStudioVersion = 10.0.40219.1
Project("{FAE04EC0-301F-11D3-BF4B-00C04F79EFBC}") = "Beaver_v0.1", "Beaver_v0.1\Beaver_v0.1.csproj", "{2F35E0AF-83A4-4FB3-8BBD-E4E915F8F6F9}"
EndProject
Project("{FAE04EC0-301F-11D3-BF4B-00C04F79EFBC}") = "BeaverCore", "BeaverCore\BeaverCore.csproj", "{9B2C6917-9D8B-43A5-9027-5DA19E7C4857}"
EndProject
Global
	GlobalSection(SolutionConfigurationPlatforms) = preSolution
		Debug|Any CPU = Debug|Any CPU
		Debug|x64 = Debug|x64
		Debug|x86 = Debug|x86
		Debug32|Any CPU = Debug32|Any CPU
		Debug32|x64 = Debug32|x64
		Debug32|x86 = Debug32|x86
		Debug64|Any CPU = Debug64|Any CPU
		Debug64|x64 = Debug64|x64
		Debug64|x86 = Debug64|x86
		Release|Any CPU = Release|Any CPU
		Release|x64 = Release|x64
		Release|x86 = Release|x86
	EndGlobalSection
	GlobalSection(ProjectConfigurationPlatforms) = postSolution
		{2F35E0AF-83A4-4FB3-8BBD-E4E915F8F6F9}.Debug|Any CPU.ActiveCfg = Debug|Any CPU
		{2F35E0AF-83A4-4FB3-8BBD-E4E915F8F6F9}.Debug|Any CPU.Build.0 = Debug|Any CPU
		{2F35E0AF-83A4-4FB3-8BBD-E4E915F8F6F9}.Debug|x64.ActiveCfg = Debug|Any CPU
		{2F35E0AF-83A4-4FB3-8BBD-E4E915F8F6F9}.Debug|x64.Build.0 = Debug|Any CPU
		{2F35E0AF-83A4-4FB3-8BBD-E4E915F8F6F9}.Debug|x86.ActiveCfg = Debug|Any CPU
		{2F35E0AF-83A4-4FB3-8BBD-E4E915F8F6F9}.Debug|x86.Build.0 = Debug|Any CPU
		{2F35E0AF-83A4-4FB3-8BBD-E4E915F8F6F9}.Debug32|Any CPU.ActiveCfg = Debug32|Any CPU
		{2F35E0AF-83A4-4FB3-8BBD-E4E915F8F6F9}.Debug32|Any CPU.Build.0 = Debug32|Any CPU
		{2F35E0AF-83A4-4FB3-8BBD-E4E915F8F6F9}.Debug32|x64.ActiveCfg = Debug32|Any CPU
		{2F35E0AF-83A4-4FB3-8BBD-E4E915F8F6F9}.Debug32|x64.Build.0 = Debug32|Any CPU
		{2F35E0AF-83A4-4FB3-8BBD-E4E915F8F6F9}.Debug32|x86.ActiveCfg = Debug32|Any CPU
		{2F35E0AF-83A4-4FB3-8BBD-E4E915F8F6F9}.Debug32|x86.Build.0 = Debug32|Any CPU
		{2F35E0AF-83A4-4FB3-8BBD-E4E915F8F6F9}.Debug64|Any CPU.ActiveCfg = Debug64|Any CPU
		{2F35E0AF-83A4-4FB3-8BBD-E4E915F8F6F9}.Debug64|Any CPU.Build.0 = Debug64|Any CPU
		{2F35E0AF-83A4-4FB3-8BBD-E4E915F8F6F9}.Debug64|x64.ActiveCfg = Debug64|Any CPU
		{2F35E0AF-83A4-4FB3-8BBD-E4E915F8F6F9}.Debug64|x64.Build.0 = Debug64|Any CPU
		{2F35E0AF-83A4-4FB3-8BBD-E4E915F8F6F9}.Debug64|x86.ActiveCfg = Debug64|Any CPU
		{2F35E0AF-83A4-4FB3-8BBD-E4E915F8F6F9}.Debug64|x86.Build.0 = Debug64|Any CPU
		{2F35E0AF-83A4-4FB3-8BBD-E4E915F8F6F9}.Release|Any CPU.ActiveCfg = Release|Any CPU
		{2F35E0AF-83A4-4FB3-8BBD-E4E915F8F6F9}.Release|Any CPU.Build.0 = Release|Any CPU
		{2F35E0AF-83A4-4FB3-8BBD-E4E915F8F6F9}.Release|x64.ActiveCfg = Release|Any CPU
		{2F35E0AF-83A4-4FB3-8BBD-E4E915F8F6F9}.Release|x64.Build.0 = Release|Any CPU
		{2F35E0AF-83A4-4FB3-8BBD-E4E915F8F6F9}.Release|x86.ActiveCfg = Release|Any CPU
		{2F35E0AF-83A4-4FB3-8BBD-E4E915F8F6F9}.Release|x86.Build.0 = Release|Any CPU
		{9B2C6917-9D8B-43A5-9027-5DA19E7C4857}.Debug|Any CPU.ActiveCfg = Debug|Any CPU
		{9B2C6917-9D8B-43A5-9027-5DA19E7C4857}.Debug|Any CPU.Build.0 = Debug|Any CPU
		{9B2C6917-9D8B-43A5-9027-5DA19E7C4857}.Debug|x64.ActiveCfg = Debug|Any CPU
		{9B2C6917-9D8B-43A5-9027-5DA19E7C4857}.Debug|x64.Build.0 = Debug|Any CPU
		{9B2C6917-9D8B-43A5-9027-5DA19E7C4857}.Debug|x86.ActiveCfg = Debug|Any CPU
		{9B2C6917-9D8B-43A5-9027-5DA19E7C4857}.Debug|x86.Build.0 = Debug|Any CPU
		{9B2C6917-9D8B-43A5-9027-5DA19E7C4857}.Debug32|Any CPU.ActiveCfg = Debug|Any CPU
		{9B2C6917-9D8B-43A5-9027-5DA19E7C4857}.Debug32|Any CPU.Build.0 = Debug|Any CPU
		{9B2C6917-9D8B-43A5-9027-5DA19E7C4857}.Debug32|x64.ActiveCfg = Debug|Any CPU
		{9B2C6917-9D8B-43A5-9027-5DA19E7C4857}.Debug32|x64.Build.0 = Debug|Any CPU
		{9B2C6917-9D8B-43A5-9027-5DA19E7C4857}.Debug32|x86.ActiveCfg = Debug|Any CPU
		{9B2C6917-9D8B-43A5-9027-5DA19E7C4857}.Debug32|x86.Build.0 = Debug|Any CPU
		{9B2C6917-9D8B-43A5-9027-5DA19E7C4857}.Debug64|Any CPU.ActiveCfg = Debug|Any CPU
		{9B2C6917-9D8B-43A5-9027-5DA19E7C4857}.Debug64|Any CPU.Build.0 = Debug|Any CPU
		{9B2C6917-9D8B-43A5-9027-5DA19E7C4857}.Debug64|x64.ActiveCfg = Debug|Any CPU
		{9B2C6917-9D8B-43A5-9027-5DA19E7C4857}.Debug64|x64.Build.0 = Debug|Any CPU
		{9B2C6917-9D8B-43A5-9027-5DA19E7C4857}.Debug64|x86.ActiveCfg = Debug|Any CPU
		{9B2C6917-9D8B-43A5-9027-5DA19E7C4857}.Debug64|x86.Build.0 = Debug|Any CPU
		{9B2C6917-9D8B-43A5-9027-5DA19E7C4857}.Release|Any CPU.ActiveCfg = Release|Any CPU
		{9B2C6917-9D8B-43A5-9027-5DA19E7C4857}.Release|Any CPU.Build.0 = Release|Any CPU
		{9B2C6917-9D8B-43A5-9027-5DA19E7C4857}.Release|x64.ActiveCfg = Release|Any CPU
		{9B2C6917-9D8B-43A5-9027-5DA19E7C4857}.Release|x64.Build.0 = Release|Any CPU
		{9B2C6917-9D8B-43A5-9027-5DA19E7C4857}.Release|x86.ActiveCfg = Release|Any CPU
		{9B2C6917-9D8B-43A5-9027-5DA19E7C4857}.Release|x86.Build.0 = Release|Any CPU
	EndGlobalSection
	GlobalSection(SolutionProperties) = preSolution
		HideSolutionNode = FALSE
	EndGlobalSection
	GlobalSection(ExtensibilityGlobals) = postSolution
		SolutionGuid = {2DB022E4-042C-43CC-8FE1-CF345C5BEF59}
	EndGlobalSection
EndGlobal
